// !$*UTF8*$!
{
	archiveVersion = 1;
	classes = {
	};
	objectVersion = 46;
	objects = {

/* Begin PBXBuildFile section */
		68A97FBA1E3353A70098D068 /* AppDelegate.swift in Sources */ = {isa = PBXBuildFile; fileRef = 68A97FB91E3353A70098D068 /* AppDelegate.swift */; };
		68A97FBC1E3353A70098D068 /* ViewController.swift in Sources */ = {isa = PBXBuildFile; fileRef = 68A97FBB1E3353A70098D068 /* ViewController.swift */; };
		68A97FBF1E3353A70098D068 /* Main.storyboard in Resources */ = {isa = PBXBuildFile; fileRef = 68A97FBD1E3353A70098D068 /* Main.storyboard */; };
		68A97FC21E3353A70098D068 /* SlugSense.xcdatamodeld in Sources */ = {isa = PBXBuildFile; fileRef = 68A97FC01E3353A70098D068 /* SlugSense.xcdatamodeld */; };
		68A97FC41E3353A70098D068 /* Assets.xcassets in Resources */ = {isa = PBXBuildFile; fileRef = 68A97FC31E3353A70098D068 /* Assets.xcassets */; };
		68A97FC71E3353A70098D068 /* LaunchScreen.storyboard in Resources */ = {isa = PBXBuildFile; fileRef = 68A97FC51E3353A70098D068 /* LaunchScreen.storyboard */; };
		68A97FD21E336C180098D068 /* HumidityViewController.swift in Sources */ = {isa = PBXBuildFile; fileRef = 68A97FD11E336C180098D068 /* HumidityViewController.swift */; };
		68A97FD41E3380660098D068 /* MoistureViewController.swift in Sources */ = {isa = PBXBuildFile; fileRef = 68A97FD31E3380660098D068 /* MoistureViewController.swift */; };
		68A97FD61E3380760098D068 /* LightViewController.swift in Sources */ = {isa = PBXBuildFile; fileRef = 68A97FD51E3380760098D068 /* LightViewController.swift */; };
		68A97FD81E3380850098D068 /* HeatViewController.swift in Sources */ = {isa = PBXBuildFile; fileRef = 68A97FD71E3380850098D068 /* HeatViewController.swift */; };
/* End PBXBuildFile section */

/* Begin PBXFileReference section */
		68A97FB61E3353A70098D068 /* SlugSense.app */ = {isa = PBXFileReference; explicitFileType = wrapper.application; includeInIndex = 0; path = SlugSense.app; sourceTree = BUILT_PRODUCTS_DIR; };
		68A97FB91E3353A70098D068 /* AppDelegate.swift */ = {isa = PBXFileReference; lastKnownFileType = sourcecode.swift; path = AppDelegate.swift; sourceTree = "<group>"; };
		68A97FBB1E3353A70098D068 /* ViewController.swift */ = {isa = PBXFileReference; lastKnownFileType = sourcecode.swift; path = ViewController.swift; sourceTree = "<group>"; };
		68A97FBE1E3353A70098D068 /* Base */ = {isa = PBXFileReference; lastKnownFileType = file.storyboard; name = Base; path = Base.lproj/Main.storyboard; sourceTree = "<group>"; };
		68A97FC11E3353A70098D068 /* SlugSense.xcdatamodel */ = {isa = PBXFileReference; lastKnownFileType = wrapper.xcdatamodel; path = SlugSense.xcdatamodel; sourceTree = "<group>"; };
		68A97FC31E3353A70098D068 /* Assets.xcassets */ = {isa = PBXFileReference; lastKnownFileType = folder.assetcatalog; path = Assets.xcassets; sourceTree = "<group>"; };
		68A97FC61E3353A70098D068 /* Base */ = {isa = PBXFileReference; lastKnownFileType = file.storyboard; name = Base; path = Base.lproj/LaunchScreen.storyboard; sourceTree = "<group>"; };
		68A97FC81E3353A70098D068 /* Info.plist */ = {isa = PBXFileReference; lastKnownFileType = text.plist.xml; path = Info.plist; sourceTree = "<group>"; };
		68A97FD11E336C180098D068 /* HumidityViewController.swift */ = {isa = PBXFileReference; fileEncoding = 4; lastKnownFileType = sourcecode.swift; path = HumidityViewController.swift; sourceTree = "<group>"; };
		68A97FD31E3380660098D068 /* MoistureViewController.swift */ = {isa = PBXFileReference; fileEncoding = 4; lastKnownFileType = sourcecode.swift; path = MoistureViewController.swift; sourceTree = "<group>"; };
		68A97FD51E3380760098D068 /* LightViewController.swift */ = {isa = PBXFileReference; fileEncoding = 4; lastKnownFileType = sourcecode.swift; path = LightViewController.swift; sourceTree = "<group>"; };
		68A97FD71E3380850098D068 /* HeatViewController.swift */ = {isa = PBXFileReference; fileEncoding = 4; lastKnownFileType = sourcecode.swift; path = HeatViewController.swift; sourceTree = "<group>"; };
/* End PBXFileReference section */

/* Begin PBXFrameworksBuildPhase section */
		68A97FB31E3353A70098D068 /* Frameworks */ = {
			isa = PBXFrameworksBuildPhase;
			buildActionMask = 2147483647;
			files = (
			);
			runOnlyForDeploymentPostprocessing = 0;
		};
/* End PBXFrameworksBuildPhase section */

/* Begin PBXGroup section */
		68A97FAD1E3353A70098D068 = {
			isa = PBXGroup;
			children = (
				68A97FB81E3353A70098D068 /* SlugSense */,
				68A97FB71E3353A70098D068 /* Products */,
			);
			sourceTree = "<group>";
		};
		68A97FB71E3353A70098D068 /* Products */ = {
			isa = PBXGroup;
			children = (
				68A97FB61E3353A70098D068 /* SlugSense.app */,
			);
			name = Products;
			sourceTree = "<group>";
		};
		68A97FB81E3353A70098D068 /* SlugSense */ = {
			isa = PBXGroup;
			children = (
				68A97FCE1E3353D70098D068 /* Supporting Files */,
				68A97FBB1E3353A70098D068 /* ViewController.swift */,
				68A97FD11E336C180098D068 /* HumidityViewController.swift */,
				68A97FD31E3380660098D068 /* MoistureViewController.swift */,
				68A97FD51E3380760098D068 /* LightViewController.swift */,
				68A97FD71E3380850098D068 /* HeatViewController.swift */,
				68A97FBD1E3353A70098D068 /* Main.storyboard */,
				68A97FC31E3353A70098D068 /* Assets.xcassets */,
			);
			path = SlugSense;
			sourceTree = "<group>";
		};
		68A97FCE1E3353D70098D068 /* Supporting Files */ = {
			isa = PBXGroup;
			children = (
				68A97FB91E3353A70098D068 /* AppDelegate.swift */,
				68A97FC51E3353A70098D068 /* LaunchScreen.storyboard */,
				68A97FC81E3353A70098D068 /* Info.plist */,
				68A97FC01E3353A70098D068 /* SlugSense.xcdatamodeld */,
			);
			name = "Supporting Files";
			sourceTree = "<group>";
		};
/* End PBXGroup section */

/* Begin PBXNativeTarget section */
		68A97FB51E3353A70098D068 /* SlugSense */ = {
			isa = PBXNativeTarget;
			buildConfigurationList = 68A97FCB1E3353A70098D068 /* Build configuration list for PBXNativeTarget "SlugSense" */;
			buildPhases = (
				68A97FB21E3353A70098D068 /* Sources */,
				68A97FB31E3353A70098D068 /* Frameworks */,
				68A97FB41E3353A70098D068 /* Resources */,
			);
			buildRules = (
			);
			dependencies = (
			);
			name = SlugSense;
			productName = SlugSense;
			productReference = 68A97FB61E3353A70098D068 /* SlugSense.app */;
			productType = "com.apple.product-type.application";
		};
/* End PBXNativeTarget section */

/* Begin PBXProject section */
		68A97FAE1E3353A70098D068 /* Project object */ = {
			isa = PBXProject;
			attributes = {
				LastSwiftUpdateCheck = 0820;
				LastUpgradeCheck = 0820;
				ORGANIZATIONNAME = "Douglas MacbookPro";
				TargetAttributes = {
					68A97FB51E3353A70098D068 = {
						CreatedOnToolsVersion = 8.2.1;
						DevelopmentTeam = 6P29MLAXD8;
						ProvisioningStyle = Automatic;
					};
				};
			};
			buildConfigurationList = 68A97FB11E3353A70098D068 /* Build configuration list for PBXProject "SlugSense" */;
			compatibilityVersion = "Xcode 3.2";
			developmentRegion = English;
			hasScannedForEncodings = 0;
			knownRegions = (
				en,
				Base,
			);
			mainGroup = 68A97FAD1E3353A70098D068;
			productRefGroup = 68A97FB71E3353A70098D068 /* Products */;
			projectDirPath = "";
			projectRoot = "";
			targets = (
				68A97FB51E3353A70098D068 /* SlugSense */,
			);
		};
/* End PBXProject section */

/* Begin PBXResourcesBuildPhase section */
		68A97FB41E3353A70098D068 /* Resources */ = {
			isa = PBXResourcesBuildPhase;
			buildActionMask = 2147483647;
			files = (
				68A97FC71E3353A70098D068 /* LaunchScreen.storyboard in Resources */,
				68A97FC41E3353A70098D068 /* Assets.xcassets in Resources */,
				68A97FBF1E3353A70098D068 /* Main.storyboard in Resources */,
			);
			runOnlyForDeploymentPostprocessing = 0;
		};
/* End PBXResourcesBuildPhase section */

/* Begin PBXSourcesBuildPhase section */
		68A97FB21E3353A70098D068 /* Sources */ = {
			isa = PBXSourcesBuildPhase;
			buildActionMask = 2147483647;
			files = (
				68A97FC21E3353A70098D068 /* SlugSense.xcdatamodeld in Sources */,
				68A97FD81E3380850098D068 /* HeatViewController.swift in Sources */,
				68A97FD61E3380760098D068 /* LightViewController.swift in Sources */,
				68A97FBC1E3353A70098D068 /* ViewController.swift in Sources */,
				68A97FBA1E3353A70098D068 /* AppDelegate.swift in Sources */,
				68A97FD21E336C180098D068 /* HumidityViewController.swift in Sources */,
				68A97FD41E3380660098D068 /* MoistureViewController.swift in Sources */,
			);
			runOnlyForDeploymentPostprocessing = 0;
		};
/* End PBXSourcesBuildPhase section */

/* Begin PBXVariantGroup section */
		68A97FBD1E3353A70098D068 /* Main.storyboard */ = {
			isa = PBXVariantGroup;
			children = (
				68A97FBE1E3353A70098D068 /* Base */,
			);
			name = Main.storyboard;
			sourceTree = "<group>";
		};
		68A97FC51E3353A70098D068 /* LaunchScreen.storyboard */ = {
			isa = PBXVariantGroup;
			children = (
				68A97FC61E3353A70098D068 /* Base */,
			);
			name = LaunchScreen.storyboard;
			sourceTree = "<group>";
		};
/* End PBXVariantGroup section */

/* Begin XCBuildConfiguration section */
		68A97FC91E3353A70098D068 /* Debug */ = {
			isa = XCBuildConfiguration;
			buildSettings = {
				ALWAYS_SEARCH_USER_PATHS = NO;
				CLANG_ANALYZER_NONNULL = YES;
				CLANG_CXX_LANGUAGE_STANDARD = "gnu++0x";
				CLANG_CXX_LIBRARY = "libc++";
				CLANG_ENABLE_MODULES = YES;
				CLANG_ENABLE_OBJC_ARC = YES;
				CLANG_WARN_BOOL_CONVERSION = YES;
				CLANG_WARN_CONSTANT_CONVERSION = YES;
				CLANG_WARN_DIRECT_OBJC_ISA_USAGE = YES_ERROR;
				CLANG_WARN_DOCUMENTATION_COMMENTS = YES;
				CLANG_WARN_EMPTY_BODY = YES;
				CLANG_WARN_ENUM_CONVERSION = YES;
				CLANG_WARN_INFINITE_RECURSION = YES;
				CLANG_WARN_INT_CONVERSION = YES;
				CLANG_WARN_OBJC_ROOT_CLASS = YES_ERROR;
				CLANG_WARN_SUSPICIOUS_MOVE = YES;
				CLANG_WARN_UNREACHABLE_CODE = YES;
				CLANG_WARN__DUPLICATE_METHOD_MATCH = YES;
				"CODE_SIGN_IDENTITY[sdk=iphoneos*]" = "iPhone Developer";
				COPY_PHASE_STRIP = NO;
				DEBUG_INFORMATION_FORMAT = dwarf;
				ENABLE_STRICT_OBJC_MSGSEND = YES;
				ENABLE_TESTABILITY = YES;
				GCC_C_LANGUAGE_STANDARD = gnu99;
				GCC_DYNAMIC_NO_PIC = NO;
				GCC_NO_COMMON_BLOCKS = YES;
				GCC_OPTIMIZATION_LEVEL = 0;
				GCC_PREPROCESSOR_DEFINITIONS = (
					"DEBUG=1",
					"$(inherited)",
				);
				GCC_WARN_64_TO_32_BIT_CONVERSION = YES;
				GCC_WARN_ABOUT_RETURN_TYPE = YES_ERROR;
				GCC_WARN_UNDECLARED_SELECTOR = YES;
				GCC_WARN_UNINITIALIZED_AUTOS = YES_AGGRESSIVE;
				GCC_WARN_UNUSED_FUNCTION = YES;
				GCC_WARN_UNUSED_VARIABLE = YES;
				IPHONEOS_DEPLOYMENT_TARGET = 10.2;
				MTL_ENABLE_DEBUG_INFO = YES;
				ONLY_ACTIVE_ARCH = YES;
				SDKROOT = iphoneos;
				SWIFT_ACTIVE_COMPILATION_CONDITIONS = DEBUG;
				SWIFT_OPTIMIZATION_LEVEL = "-Onone";
				TARGETED_DEVICE_FAMILY = "1,2";
			};
			name = Debug;
		};
		68A97FCA1E3353A70098D068 /* Release */ = {
			isa = XCBuildConfiguration;
			buildSettings = {
				ALWAYS_SEARCH_USER_PATHS = NO;
				CLANG_ANALYZER_NONNULL = YES;
				CLANG_CXX_LANGUAGE_STANDARD = "gnu++0x";
				CLANG_CXX_LIBRARY = "libc++";
				CLANG_ENABLE_MODULES = YES;
				CLANG_ENABLE_OBJC_ARC = YES;
				CLANG_WARN_BOOL_CONVERSION = YES;
				CLANG_WARN_CONSTANT_CONVERSION = YES;
				CLANG_WARN_DIRECT_OBJC_ISA_USAGE = YES_ERROR;
				CLANG_WARN_DOCUMENTATION_COMMENTS = YES;
				CLANG_WARN_EMPTY_BODY = YES;
				CLANG_WARN_ENUM_CONVERSION = YES;
				CLANG_WARN_INFINITE_RECURSION = YES;
				CLANG_WARN_INT_CONVERSION = YES;
				CLANG_WARN_OBJC_ROOT_CLASS = YES_ERROR;
				CLANG_WARN_SUSPICIOUS_MOVE = YES;
				CLANG_WARN_UNREACHABLE_CODE = YES;
				CLANG_WARN__DUPLICATE_METHOD_MATCH = YES;
				"CODE_SIGN_IDENTITY[sdk=iphoneos*]" = "iPhone Developer";
				COPY_PHASE_STRIP = NO;
				DEBUG_INFORMATION_FORMAT = "dwarf-with-dsym";
				ENABLE_NS_ASSERTIONS = NO;
				ENABLE_STRICT_OBJC_MSGSEND = YES;
				GCC_C_LANGUAGE_STANDARD = gnu99;
				GCC_NO_COMMON_BLOCKS = YES;
				GCC_WARN_64_TO_32_BIT_CONVERSION = YES;
				GCC_WARN_ABOUT_RETURN_TYPE = YES_ERROR;
				GCC_WARN_UNDECLARED_SELECTOR = YES;
				GCC_WARN_UNINITIALIZED_AUTOS = YES_AGGRESSIVE;
				GCC_WARN_UNUSED_FUNCTION = YES;
				GCC_WARN_UNUSED_VARIABLE = YES;
				IPHONEOS_DEPLOYMENT_TARGET = 10.2;
				MTL_ENABLE_DEBUG_INFO = NO;
				SDKROOT = iphoneos;
				SWIFT_OPTIMIZATION_LEVEL = "-Owholemodule";
				TARGETED_DEVICE_FAMILY = "1,2";
				VALIDATE_PRODUCT = YES;
			};
			name = Release;
		};
		68A97FCC1E3353A70098D068 /* Debug */ = {
			isa = XCBuildConfiguration;
			buildSettings = {
				ASSETCATALOG_COMPILER_APPICON_NAME = AppIcon;
				DEVELOPMENT_TEAM = 6P29MLAXD8;
				INFOPLIST_FILE = SlugSense/Info.plist;
				LD_RUNPATH_SEARCH_PATHS = "$(inherited) @executable_path/Frameworks";
				PRODUCT_BUNDLE_IDENTIFIER = com.douglassilva.SlugSense;
				PRODUCT_NAME = "$(TARGET_NAME)";
				SWIFT_VERSION = 3.0;
			};
			name = Debug;
		};
		68A97FCD1E3353A70098D068 /* Release */ = {
			isa = XCBuildConfiguration;
			buildSettings = {
				ASSETCATALOG_COMPILER_APPICON_NAME = AppIcon;
				DEVELOPMENT_TEAM = 6P29MLAXD8;
				INFOPLIST_FILE = SlugSense/Info.plist;
				LD_RUNPATH_SEARCH_PATHS = "$(inherited) @executable_path/Frameworks";
				PRODUCT_BUNDLE_IDENTIFIER = com.douglassilva.SlugSense;
				PRODUCT_NAME = "$(TARGET_NAME)";
				SWIFT_VERSION = 3.0;
			};
			name = Release;
		};
/* End XCBuildConfiguration section */

/* Begin XCConfigurationList section */
		68A97FB11E3353A70098D068 /* Build configuration list for PBXProject "SlugSense" */ = {
			isa = XCConfigurationList;
			buildConfigurations = (
				68A97FC91E3353A70098D068 /* Debug */,
				68A97FCA1E3353A70098D068 /* Release */,
			);
			defaultConfigurationIsVisible = 0;
			defaultConfigurationName = Release;
		};
		68A97FCB1E3353A70098D068 /* Build configuration list for PBXNativeTarget "SlugSense" */ = {
			isa = XCConfigurationList;
			buildConfigurations = (
				68A97FCC1E3353A70098D068 /* Debug */,
				68A97FCD1E3353A70098D068 /* Release */,
			);
			defaultConfigurationIsVisible = 0;
		};
/* End XCConfigurationList section */

/* Begin XCVersionGroup section */
		68A97FC01E3353A70098D068 /* SlugSense.xcdatamodeld */ = {
			isa = XCVersionGroup;
			children = (
				68A97FC11E3353A70098D068 /* SlugSense.xcdatamodel */,
			);
			currentVersion = 68A97FC11E3353A70098D068 /* SlugSense.xcdatamodel */;
			path = SlugSense.xcdatamodeld;
			sourceTree = "<group>";
			versionGroupType = wrapper.xcdatamodel;
		};
/* End XCVersionGroup section */
	};
	rootObject = 68A97FAE1E3353A70098D068 /* Project object */;
}
